
Microsoft Visual Studio Solution File, Format Version 12.00
# Visual Studio Version 17
VisualStudioVersion = 17.5.33516.290
MinimumVisualStudioVersion = 10.0.40219.1
Project("{9A19103F-16F7-4668-BE54-9A1E7A4F7556}") = "MyShoppingCart.Api", "src\MyShoppingCart.Api\MyShoppingCart.Api.csproj", "{7C5BBE6E-EE6A-43CD-9912-53A452F4B7F9}"
EndProject
Project("{9A19103F-16F7-4668-BE54-9A1E7A4F7556}") = "MyShoppingCart.Application", "src\MyShoppingCart.Application\MyShoppingCart.Application.csproj", "{485D8709-386D-4578-817E-D5F533A177EF}"
EndProject
Project("{9A19103F-16F7-4668-BE54-9A1E7A4F7556}") = "MyShoppingCart.Domain", "src\MyShoppingCart.Domain\MyShoppingCart.Domain.csproj", "{72CA6177-1096-436B-AB96-40A3BDC33DD8}"
EndProject
Project("{9A19103F-16F7-4668-BE54-9A1E7A4F7556}") = "MyShoppingCart.Infrastructure", "src\MyShoppingCart.Infrastructure\MyShoppingCart.Infrastructure.csproj", "{89CD13D0-C35B-4C27-8AD4-2C409AF51A5F}"
EndProject
Project("{2150E333-8FDC-42A3-9474-1A3956D46DE8}") = "Solution Items", "Solution Items", "{24F65965-72FF-4ACA-B942-0E71080F7410}"
	ProjectSection(SolutionItems) = preProject
		README.md = README.md
	EndProjectSection
EndProject
Project("{2150E333-8FDC-42A3-9474-1A3956D46DE8}") = "src", "src", "{70EA7699-BFE3-48E0-8871-451342588D34}"
EndProject
Project("{2150E333-8FDC-42A3-9474-1A3956D46DE8}") = "tests", "tests", "{DF6B157F-2296-41DF-A814-A940DBCE4EDC}"
EndProject
Project("{9A19103F-16F7-4668-BE54-9A1E7A4F7556}") = "MyShoppingCart.Api.Tests", "tests\MyShoppingCart.Api.Tests\MyShoppingCart.Api.Tests.csproj", "{73246805-121C-4A9C-BAD6-05118399D628}"
EndProject
Project("{9A19103F-16F7-4668-BE54-9A1E7A4F7556}") = "MyShoppingCart.Application.Tests", "tests\MyShoppingCart.Application.Tests\MyShoppingCart.Application.Tests.csproj", "{00D4A702-8472-491F-B89C-CB8972EE376D}"
EndProject
Project("{FAE04EC0-301F-11D3-BF4B-00C04F79EFBC}") = "MyShoppingCart.Shared.Tests", "tests\MyShoppingCart.Shared.Tests\MyShoppingCart.Shared.Tests.csproj", "{363F6CE8-A527-4462-9D37-216AF84A2840}"
EndProject
Global
	GlobalSection(SolutionConfigurationPlatforms) = preSolution
		Debug|Any CPU = Debug|Any CPU
		Release|Any CPU = Release|Any CPU
	EndGlobalSection
	GlobalSection(ProjectConfigurationPlatforms) = postSolution
		{7C5BBE6E-EE6A-43CD-9912-53A452F4B7F9}.Debug|Any CPU.ActiveCfg = Debug|Any CPU
		{7C5BBE6E-EE6A-43CD-9912-53A452F4B7F9}.Debug|Any CPU.Build.0 = Debug|Any CPU
		{7C5BBE6E-EE6A-43CD-9912-53A452F4B7F9}.Release|Any CPU.ActiveCfg = Release|Any CPU
		{7C5BBE6E-EE6A-43CD-9912-53A452F4B7F9}.Release|Any CPU.Build.0 = Release|Any CPU
		{485D8709-386D-4578-817E-D5F533A177EF}.Debug|Any CPU.ActiveCfg = Debug|Any CPU
		{485D8709-386D-4578-817E-D5F533A177EF}.Debug|Any CPU.Build.0 = Debug|Any CPU
		{485D8709-386D-4578-817E-D5F533A177EF}.Release|Any CPU.ActiveCfg = Release|Any CPU
		{485D8709-386D-4578-817E-D5F533A177EF}.Release|Any CPU.Build.0 = Release|Any CPU
		{72CA6177-1096-436B-AB96-40A3BDC33DD8}.Debug|Any CPU.ActiveCfg = Debug|Any CPU
		{72CA6177-1096-436B-AB96-40A3BDC33DD8}.Debug|Any CPU.Build.0 = Debug|Any CPU
		{72CA6177-1096-436B-AB96-40A3BDC33DD8}.Release|Any CPU.ActiveCfg = Release|Any CPU
		{72CA6177-1096-436B-AB96-40A3BDC33DD8}.Release|Any CPU.Build.0 = Release|Any CPU
		{89CD13D0-C35B-4C27-8AD4-2C409AF51A5F}.Debug|Any CPU.ActiveCfg = Debug|Any CPU
		{89CD13D0-C35B-4C27-8AD4-2C409AF51A5F}.Debug|Any CPU.Build.0 = Debug|Any CPU
		{89CD13D0-C35B-4C27-8AD4-2C409AF51A5F}.Release|Any CPU.ActiveCfg = Release|Any CPU
		{89CD13D0-C35B-4C27-8AD4-2C409AF51A5F}.Release|Any CPU.Build.0 = Release|Any CPU
		{73246805-121C-4A9C-BAD6-05118399D628}.Debug|Any CPU.ActiveCfg = Debug|Any CPU
		{73246805-121C-4A9C-BAD6-05118399D628}.Debug|Any CPU.Build.0 = Debug|Any CPU
		{73246805-121C-4A9C-BAD6-05118399D628}.Release|Any CPU.ActiveCfg = Release|Any CPU
		{73246805-121C-4A9C-BAD6-05118399D628}.Release|Any CPU.Build.0 = Release|Any CPU
		{00D4A702-8472-491F-B89C-CB8972EE376D}.Debug|Any CPU.ActiveCfg = Debug|Any CPU
		{00D4A702-8472-491F-B89C-CB8972EE376D}.Debug|Any CPU.Build.0 = Debug|Any CPU
		{00D4A702-8472-491F-B89C-CB8972EE376D}.Release|Any CPU.ActiveCfg = Release|Any CPU
		{00D4A702-8472-491F-B89C-CB8972EE376D}.Release|Any CPU.Build.0 = Release|Any CPU
		{363F6CE8-A527-4462-9D37-216AF84A2840}.Debug|Any CPU.ActiveCfg = Debug|Any CPU
		{363F6CE8-A527-4462-9D37-216AF84A2840}.Debug|Any CPU.Build.0 = Debug|Any CPU
		{363F6CE8-A527-4462-9D37-216AF84A2840}.Release|Any CPU.ActiveCfg = Release|Any CPU
		{363F6CE8-A527-4462-9D37-216AF84A2840}.Release|Any CPU.Build.0 = Release|Any CPU
	EndGlobalSection
	GlobalSection(SolutionProperties) = preSolution
		HideSolutionNode = FALSE
	EndGlobalSection
	GlobalSection(NestedProjects) = preSolution
		{7C5BBE6E-EE6A-43CD-9912-53A452F4B7F9} = {70EA7699-BFE3-48E0-8871-451342588D34}
		{485D8709-386D-4578-817E-D5F533A177EF} = {70EA7699-BFE3-48E0-8871-451342588D34}
		{72CA6177-1096-436B-AB96-40A3BDC33DD8} = {70EA7699-BFE3-48E0-8871-451342588D34}
		{89CD13D0-C35B-4C27-8AD4-2C409AF51A5F} = {70EA7699-BFE3-48E0-8871-451342588D34}
		{73246805-121C-4A9C-BAD6-05118399D628} = {DF6B157F-2296-41DF-A814-A940DBCE4EDC}
		{00D4A702-8472-491F-B89C-CB8972EE376D} = {DF6B157F-2296-41DF-A814-A940DBCE4EDC}
		{363F6CE8-A527-4462-9D37-216AF84A2840} = {DF6B157F-2296-41DF-A814-A940DBCE4EDC}
	EndGlobalSection
	GlobalSection(ExtensibilityGlobals) = postSolution
		SolutionGuid = {BAF06671-2003-4046-9833-71ABD57CCD05}
	EndGlobalSection
EndGlobal
